
Microsoft Visual Studio Solution File, Format Version 12.00
# Visual Studio Version 16
VisualStudioVersion = 16.0.29920.165
MinimumVisualStudioVersion = 10.0.40219.1
Project("{FAE04EC0-301F-11D3-BF4B-00C04F79EFBC}") = "BoundlessProxyUi", "BoundlessProxyUi\BoundlessProxyUi.csproj", "{B5F2A569-0FB1-490D-87F8-4AB45A746C71}"
EndProject
Project("{54435603-DBB4-11D2-8724-00A0C9A8B90C}") = "BoundlessProxyUI_Installer", "BoundlessProxyUI_Installer\BoundlessProxyUI_Installer.vdproj", "{55D2A868-6877-420A-A46A-6C17CE977405}"
EndProject
Global
	GlobalSection(SolutionConfigurationPlatforms) = preSolution
		Debug|Any CPU = Debug|Any CPU
		Debug|ARM = Debug|ARM
		Debug|ARM64 = Debug|ARM64
		Debug|x64 = Debug|x64
		Debug|x86 = Debug|x86
		Release|Any CPU = Release|Any CPU
		Release|ARM = Release|ARM
		Release|ARM64 = Release|ARM64
		Release|x64 = Release|x64
		Release|x86 = Release|x86
	EndGlobalSection
	GlobalSection(ProjectConfigurationPlatforms) = postSolution
		{B5F2A569-0FB1-490D-87F8-4AB45A746C71}.Debug|Any CPU.ActiveCfg = Debug|x64
		{B5F2A569-0FB1-490D-87F8-4AB45A746C71}.Debug|ARM.ActiveCfg = Debug|x64
		{B5F2A569-0FB1-490D-87F8-4AB45A746C71}.Debug|ARM64.ActiveCfg = Debug|x64
		{B5F2A569-0FB1-490D-87F8-4AB45A746C71}.Debug|x64.ActiveCfg = Debug|x64
		{B5F2A569-0FB1-490D-87F8-4AB45A746C71}.Debug|x64.Build.0 = Debug|x64
		{B5F2A569-0FB1-490D-87F8-4AB45A746C71}.Debug|x86.ActiveCfg = Debug|x64
		{B5F2A569-0FB1-490D-87F8-4AB45A746C71}.Release|Any CPU.ActiveCfg = Release|x64
		{B5F2A569-0FB1-490D-87F8-4AB45A746C71}.Release|ARM.ActiveCfg = Release|x64
		{B5F2A569-0FB1-490D-87F8-4AB45A746C71}.Release|ARM64.ActiveCfg = Release|x64
		{B5F2A569-0FB1-490D-87F8-4AB45A746C71}.Release|x64.ActiveCfg = Release|x64
		{B5F2A569-0FB1-490D-87F8-4AB45A746C71}.Release|x64.Build.0 = Release|x64
		{B5F2A569-0FB1-490D-87F8-4AB45A746C71}.Release|x86.ActiveCfg = Release|x64
		{55D2A868-6877-420A-A46A-6C17CE977405}.Debug|Any CPU.ActiveCfg = Debug
		{55D2A868-6877-420A-A46A-6C17CE977405}.Debug|ARM.ActiveCfg = Debug
		{55D2A868-6877-420A-A46A-6C17CE977405}.Debug|ARM64.ActiveCfg = Debug
		{55D2A868-6877-420A-A46A-6C17CE977405}.Debug|x64.ActiveCfg = Debug
		{55D2A868-6877-420A-A46A-6C17CE977405}.Debug|x86.ActiveCfg = Debug
		{55D2A868-6877-420A-A46A-6C17CE977405}.Release|Any CPU.ActiveCfg = Release
		{55D2A868-6877-420A-A46A-6C17CE977405}.Release|ARM.ActiveCfg = Release
		{55D2A868-6877-420A-A46A-6C17CE977405}.Release|ARM64.ActiveCfg = Release
		{55D2A868-6877-420A-A46A-6C17CE977405}.Release|x64.ActiveCfg = Release
		{55D2A868-6877-420A-A46A-6C17CE977405}.Release|x64.Build.0 = Release
		{55D2A868-6877-420A-A46A-6C17CE977405}.Release|x86.ActiveCfg = Release
	EndGlobalSection
	GlobalSection(SolutionProperties) = preSolution
		HideSolutionNode = FALSE
	EndGlobalSection
	GlobalSection(ExtensibilityGlobals) = postSolution
		SolutionGuid = {4570B80E-528E-4630-BBB7-D1FC899A0697}
	EndGlobalSection
EndGlobal
